
Microsoft Visual Studio Solution File, Format Version 12.00
# Visual Studio Version 16
VisualStudioVersion = 16.0.29613.14
MinimumVisualStudioVersion = 10.0.40219.1
Project("{FAE04EC0-301F-11D3-BF4B-00C04F79EFBC}") = "CityConsole", "CityConsole\CityConsole.csproj", "{442D127B-B35A-4BA8-956A-46F081A77A1D}"
EndProject
Global
	GlobalSection(SolutionConfigurationPlatforms) = preSolution
		Debug|Any CPU = Debug|Any CPU
		Release|Any CPU = Release|Any CPU
	EndGlobalSection
	GlobalSection(ProjectConfigurationPlatforms) = postSolution
		{442D127B-B35A-4BA8-956A-46F081A77A1D}.Debug|Any CPU.ActiveCfg = Debug|Any CPU
		{442D127B-B35A-4BA8-956A-46F081A77A1D}.Debug|Any CPU.Build.0 = Debug|Any CPU
		{442D127B-B35A-4BA8-956A-46F081A77A1D}.Release|Any CPU.ActiveCfg = Release|Any CPU
		{442D127B-B35A-4BA8-956A-46F081A77A1D}.Release|Any CPU.Build.0 = Release|Any CPU
	EndGlobalSection
	GlobalSection(SolutionProperties) = preSolution
		HideSolutionNode = FALSE
	EndGlobalSection
	GlobalSection(ExtensibilityGlobals) = postSolution
		SolutionGuid = {61889EB6-7734-4344-B247-06373F53D057}
	EndGlobalSection
EndGlobal
